// !$*UTF8*$!
{
	archiveVersion = 1;
	classes = {
	};
	objectVersion = 55;
	objects = {

/* Begin PBXBuildFile section */
		4A72171F28AA4BF000E31061 /* StarWarsSwiftUIApp.swift in Sources */ = {isa = PBXBuildFile; fileRef = 4A72171E28AA4BF000E31061 /* StarWarsSwiftUIApp.swift */; };
		4A72172128AA4BF000E31061 /* HomeView.swift in Sources */ = {isa = PBXBuildFile; fileRef = 4A72172028AA4BF000E31061 /* HomeView.swift */; };
		4A72172328AA4BF100E31061 /* Assets.xcassets in Resources */ = {isa = PBXBuildFile; fileRef = 4A72172228AA4BF100E31061 /* Assets.xcassets */; };
		4A72172628AA4BF100E31061 /* Preview Assets.xcassets in Resources */ = {isa = PBXBuildFile; fileRef = 4A72172528AA4BF100E31061 /* Preview Assets.xcassets */; };
		4A72172E28AA5D5600E31061 /* HeaderView.swift in Sources */ = {isa = PBXBuildFile; fileRef = 4A72172D28AA5D5600E31061 /* HeaderView.swift */; };
		4A72173228AA8CFB00E31061 /* Character.swift in Sources */ = {isa = PBXBuildFile; fileRef = 4A72173128AA8CFB00E31061 /* Character.swift */; };
		4A72173428AA8DB000E31061 /* ApiManager.swift in Sources */ = {isa = PBXBuildFile; fileRef = 4A72173328AA8DB000E31061 /* ApiManager.swift */; };
		4A72173628AA9D4600E31061 /* CharacterListView.swift in Sources */ = {isa = PBXBuildFile; fileRef = 4A72173528AA9D4600E31061 /* CharacterListView.swift */; };
		4AAE644028ABB4FE0085A19A /* DetailCharacterView.swift in Sources */ = {isa = PBXBuildFile; fileRef = 4AAE643F28ABB4FE0085A19A /* DetailCharacterView.swift */; };
		4AAE644228AE697A0085A19A /* CharacterRow.swift in Sources */ = {isa = PBXBuildFile; fileRef = 4AAE644128AE697A0085A19A /* CharacterRow.swift */; };
/* End PBXBuildFile section */

/* Begin PBXFileReference section */
		4A72171B28AA4BF000E31061 /* StarWarsSwiftUI.app */ = {isa = PBXFileReference; explicitFileType = wrapper.application; includeInIndex = 0; path = StarWarsSwiftUI.app; sourceTree = BUILT_PRODUCTS_DIR; };
		4A72171E28AA4BF000E31061 /* StarWarsSwiftUIApp.swift */ = {isa = PBXFileReference; lastKnownFileType = sourcecode.swift; path = StarWarsSwiftUIApp.swift; sourceTree = "<group>"; };
		4A72172028AA4BF000E31061 /* HomeView.swift */ = {isa = PBXFileReference; lastKnownFileType = sourcecode.swift; path = HomeView.swift; sourceTree = "<group>"; };
		4A72172228AA4BF100E31061 /* Assets.xcassets */ = {isa = PBXFileReference; lastKnownFileType = folder.assetcatalog; path = Assets.xcassets; sourceTree = "<group>"; };
		4A72172528AA4BF100E31061 /* Preview Assets.xcassets */ = {isa = PBXFileReference; lastKnownFileType = folder.assetcatalog; path = "Preview Assets.xcassets"; sourceTree = "<group>"; };
		4A72172D28AA5D5600E31061 /* HeaderView.swift */ = {isa = PBXFileReference; lastKnownFileType = sourcecode.swift; path = HeaderView.swift; sourceTree = "<group>"; };
		4A72173128AA8CFB00E31061 /* Character.swift */ = {isa = PBXFileReference; lastKnownFileType = sourcecode.swift; path = Character.swift; sourceTree = "<group>"; };
		4A72173328AA8DB000E31061 /* ApiManager.swift */ = {isa = PBXFileReference; lastKnownFileType = sourcecode.swift; path = ApiManager.swift; sourceTree = "<group>"; };
		4A72173528AA9D4600E31061 /* CharacterListView.swift */ = {isa = PBXFileReference; lastKnownFileType = sourcecode.swift; path = CharacterListView.swift; sourceTree = "<group>"; };
		4AAE643F28ABB4FE0085A19A /* DetailCharacterView.swift */ = {isa = PBXFileReference; lastKnownFileType = sourcecode.swift; path = DetailCharacterView.swift; sourceTree = "<group>"; };
		4AAE644128AE697A0085A19A /* CharacterRow.swift */ = {isa = PBXFileReference; lastKnownFileType = sourcecode.swift; path = CharacterRow.swift; sourceTree = "<group>"; };
/* End PBXFileReference section */

/* Begin PBXFrameworksBuildPhase section */
		4A72171828AA4BF000E31061 /* Frameworks */ = {
			isa = PBXFrameworksBuildPhase;
			buildActionMask = 2147483647;
			files = (
			);
			runOnlyForDeploymentPostprocessing = 0;
		};
/* End PBXFrameworksBuildPhase section */

/* Begin PBXGroup section */
		4A72171228AA4BF000E31061 = {
			isa = PBXGroup;
			children = (
				4A72171D28AA4BF000E31061 /* StarWarsSwiftUI */,
				4A72171C28AA4BF000E31061 /* Products */,
			);
			sourceTree = "<group>";
		};
		4A72171C28AA4BF000E31061 /* Products */ = {
			isa = PBXGroup;
			children = (
				4A72171B28AA4BF000E31061 /* StarWarsSwiftUI.app */,
			);
			name = Products;
			sourceTree = "<group>";
		};
		4A72171D28AA4BF000E31061 /* StarWarsSwiftUI */ = {
			isa = PBXGroup;
			children = (
				4AAE643E28ABB1B60085A19A /* View */,
				4A72173028AA8CC200E31061 /* Networking */,
				4A72172F28AA8CAE00E31061 /* Model */,
				4A72171E28AA4BF000E31061 /* StarWarsSwiftUIApp.swift */,
				4A72172228AA4BF100E31061 /* Assets.xcassets */,
				4A72172428AA4BF100E31061 /* Preview Content */,
			);
			path = StarWarsSwiftUI;
			sourceTree = "<group>";
		};
		4A72172428AA4BF100E31061 /* Preview Content */ = {
			isa = PBXGroup;
			children = (
				4A72172528AA4BF100E31061 /* Preview Assets.xcassets */,
			);
			path = "Preview Content";
			sourceTree = "<group>";
		};
		4A72172C28AA5D2A00E31061 /* Componets */ = {
			isa = PBXGroup;
			children = (
				4A72172D28AA5D5600E31061 /* HeaderView.swift */,
				4A72173528AA9D4600E31061 /* CharacterListView.swift */,
				4AAE644128AE697A0085A19A /* CharacterRow.swift */,
			);
			path = Componets;
			sourceTree = "<group>";
		};
		4A72172F28AA8CAE00E31061 /* Model */ = {
			isa = PBXGroup;
			children = (
				4A72173128AA8CFB00E31061 /* Character.swift */,
			);
			path = Model;
			sourceTree = "<group>";
		};
		4A72173028AA8CC200E31061 /* Networking */ = {
			isa = PBXGroup;
			children = (
				4A72173328AA8DB000E31061 /* ApiManager.swift */,
			);
			path = Networking;
			sourceTree = "<group>";
		};
		4AAE643E28ABB1B60085A19A /* View */ = {
			isa = PBXGroup;
			children = (
				4A72172C28AA5D2A00E31061 /* Componets */,
				4A72172028AA4BF000E31061 /* HomeView.swift */,
				4AAE643F28ABB4FE0085A19A /* DetailCharacterView.swift */,
			);
			path = View;
			sourceTree = "<group>";
		};
/* End PBXGroup section */

/* Begin PBXNativeTarget section */
		4A72171A28AA4BF000E31061 /* StarWarsSwiftUI */ = {
			isa = PBXNativeTarget;
			buildConfigurationList = 4A72172928AA4BF100E31061 /* Build configuration list for PBXNativeTarget "StarWarsSwiftUI" */;
			buildPhases = (
				4A72171728AA4BF000E31061 /* Sources */,
				4A72171828AA4BF000E31061 /* Frameworks */,
				4A72171928AA4BF000E31061 /* Resources */,
			);
			buildRules = (
			);
			dependencies = (
			);
			name = StarWarsSwiftUI;
			productName = StarWarsSwiftUI;
			productReference = 4A72171B28AA4BF000E31061 /* StarWarsSwiftUI.app */;
			productType = "com.apple.product-type.application";
		};
/* End PBXNativeTarget section */

/* Begin PBXProject section */
		4A72171328AA4BF000E31061 /* Project object */ = {
			isa = PBXProject;
			attributes = {
				BuildIndependentTargetsInParallel = 1;
				LastSwiftUpdateCheck = 1340;
				LastUpgradeCheck = 1340;
				TargetAttributes = {
					4A72171A28AA4BF000E31061 = {
						CreatedOnToolsVersion = 13.4.1;
					};
				};
			};
			buildConfigurationList = 4A72171628AA4BF000E31061 /* Build configuration list for PBXProject "StarWarsSwiftUI" */;
			compatibilityVersion = "Xcode 13.0";
			developmentRegion = en;
			hasScannedForEncodings = 0;
			knownRegions = (
				en,
				Base,
			);
			mainGroup = 4A72171228AA4BF000E31061;
			productRefGroup = 4A72171C28AA4BF000E31061 /* Products */;
			projectDirPath = "";
			projectRoot = "";
			targets = (
				4A72171A28AA4BF000E31061 /* StarWarsSwiftUI */,
			);
		};
/* End PBXProject section */

/* Begin PBXResourcesBuildPhase section */
		4A72171928AA4BF000E31061 /* Resources */ = {
			isa = PBXResourcesBuildPhase;
			buildActionMask = 2147483647;
			files = (
				4A72172628AA4BF100E31061 /* Preview Assets.xcassets in Resources */,
				4A72172328AA4BF100E31061 /* Assets.xcassets in Resources */,
			);
			runOnlyForDeploymentPostprocessing = 0;
		};
/* End PBXResourcesBuildPhase section */

/* Begin PBXSourcesBuildPhase section */
		4A72171728AA4BF000E31061 /* Sources */ = {
			isa = PBXSourcesBuildPhase;
			buildActionMask = 2147483647;
			files = (
				4A72173628AA9D4600E31061 /* CharacterListView.swift in Sources */,
				4AAE644028ABB4FE0085A19A /* DetailCharacterView.swift in Sources */,
				4AAE644228AE697A0085A19A /* CharacterRow.swift in Sources */,
				4A72172128AA4BF000E31061 /* HomeView.swift in Sources */,
				4A72172E28AA5D5600E31061 /* HeaderView.swift in Sources */,
				4A72173428AA8DB000E31061 /* ApiManager.swift in Sources */,
				4A72171F28AA4BF000E31061 /* StarWarsSwiftUIApp.swift in Sources */,
				4A72173228AA8CFB00E31061 /* Character.swift in Sources */,
			);
			runOnlyForDeploymentPostprocessing = 0;
		};
/* End PBXSourcesBuildPhase section */

/* Begin XCBuildConfiguration section */
		4A72172728AA4BF100E31061 /* Debug */ = {
			isa = XCBuildConfiguration;
			buildSettings = {
				ALWAYS_SEARCH_USER_PATHS = NO;
				CLANG_ANALYZER_NONNULL = YES;
				CLANG_ANALYZER_NUMBER_OBJECT_CONVERSION = YES_AGGRESSIVE;
				CLANG_CXX_LANGUAGE_STANDARD = "gnu++17";
				CLANG_ENABLE_MODULES = YES;
				CLANG_ENABLE_OBJC_ARC = YES;
				CLANG_ENABLE_OBJC_WEAK = YES;
				CLANG_WARN_BLOCK_CAPTURE_AUTORELEASING = YES;
				CLANG_WARN_BOOL_CONVERSION = YES;
				CLANG_WARN_COMMA = YES;
				CLANG_WARN_CONSTANT_CONVERSION = YES;
				CLANG_WARN_DEPRECATED_OBJC_IMPLEMENTATIONS = YES;
				CLANG_WARN_DIRECT_OBJC_ISA_USAGE = YES_ERROR;
				CLANG_WARN_DOCUMENTATION_COMMENTS = YES;
				CLANG_WARN_EMPTY_BODY = YES;
				CLANG_WARN_ENUM_CONVERSION = YES;
				CLANG_WARN_INFINITE_RECURSION = YES;
				CLANG_WARN_INT_CONVERSION = YES;
				CLANG_WARN_NON_LITERAL_NULL_CONVERSION = YES;
				CLANG_WARN_OBJC_IMPLICIT_RETAIN_SELF = YES;
				CLANG_WARN_OBJC_LITERAL_CONVERSION = YES;
				CLANG_WARN_OBJC_ROOT_CLASS = YES_ERROR;
				CLANG_WARN_QUOTED_INCLUDE_IN_FRAMEWORK_HEADER = YES;
				CLANG_WARN_RANGE_LOOP_ANALYSIS = YES;
				CLANG_WARN_STRICT_PROTOTYPES = YES;
				CLANG_WARN_SUSPICIOUS_MOVE = YES;
				CLANG_WARN_UNGUARDED_AVAILABILITY = YES_AGGRESSIVE;
				CLANG_WARN_UNREACHABLE_CODE = YES;
				CLANG_WARN__DUPLICATE_METHOD_MATCH = YES;
				COPY_PHASE_STRIP = NO;
				DEBUG_INFORMATION_FORMAT = dwarf;
				ENABLE_STRICT_OBJC_MSGSEND = YES;
				ENABLE_TESTABILITY = YES;
				GCC_C_LANGUAGE_STANDARD = gnu11;
				GCC_DYNAMIC_NO_PIC = NO;
				GCC_NO_COMMON_BLOCKS = YES;
				GCC_OPTIMIZATION_LEVEL = 0;
				GCC_PREPROCESSOR_DEFINITIONS = (
					"DEBUG=1",
					"$(inherited)",
				);
				GCC_WARN_64_TO_32_BIT_CONVERSION = YES;
				GCC_WARN_ABOUT_RETURN_TYPE = YES_ERROR;
				GCC_WARN_UNDECLARED_SELECTOR = YES;
				GCC_WARN_UNINITIALIZED_AUTOS = YES_AGGRESSIVE;
				GCC_WARN_UNUSED_FUNCTION = YES;
				GCC_WARN_UNUSED_VARIABLE = YES;
				IPHONEOS_DEPLOYMENT_TARGET = 15.5;
				MTL_ENABLE_DEBUG_INFO = INCLUDE_SOURCE;
				MTL_FAST_MATH = YES;
				ONLY_ACTIVE_ARCH = YES;
				SDKROOT = iphoneos;
				SWIFT_ACTIVE_COMPILATION_CONDITIONS = DEBUG;
				SWIFT_OPTIMIZATION_LEVEL = "-Onone";
			};
			name = Debug;
		};
		4A72172828AA4BF100E31061 /* Release */ = {
			isa = XCBuildConfiguration;
			buildSettings = {
				ALWAYS_SEARCH_USER_PATHS = NO;
				CLANG_ANALYZER_NONNULL = YES;
				CLANG_ANALYZER_NUMBER_OBJECT_CONVERSION = YES_AGGRESSIVE;
				CLANG_CXX_LANGUAGE_STANDARD = "gnu++17";
				CLANG_ENABLE_MODULES = YES;
				CLANG_ENABLE_OBJC_ARC = YES;
				CLANG_ENABLE_OBJC_WEAK = YES;
				CLANG_WARN_BLOCK_CAPTURE_AUTORELEASING = YES;
				CLANG_WARN_BOOL_CONVERSION = YES;
				CLANG_WARN_COMMA = YES;
				CLANG_WARN_CONSTANT_CONVERSION = YES;
				CLANG_WARN_DEPRECATED_OBJC_IMPLEMENTATIONS = YES;
				CLANG_WARN_DIRECT_OBJC_ISA_USAGE = YES_ERROR;
				CLANG_WARN_DOCUMENTATION_COMMENTS = YES;
				CLANG_WARN_EMPTY_BODY = YES;
				CLANG_WARN_ENUM_CONVERSION = YES;
				CLANG_WARN_INFINITE_RECURSION = YES;
				CLANG_WARN_INT_CONVERSION = YES;
				CLANG_WARN_NON_LITERAL_NULL_CONVERSION = YES;
				CLANG_WARN_OBJC_IMPLICIT_RETAIN_SELF = YES;
				CLANG_WARN_OBJC_LITERAL_CONVERSION = YES;
				CLANG_WARN_OBJC_ROOT_CLASS = YES_ERROR;
				CLANG_WARN_QUOTED_INCLUDE_IN_FRAMEWORK_HEADER = YES;
				CLANG_WARN_RANGE_LOOP_ANALYSIS = YES;
				CLANG_WARN_STRICT_PROTOTYPES = YES;
				CLANG_WARN_SUSPICIOUS_MOVE = YES;
				CLANG_WARN_UNGUARDED_AVAILABILITY = YES_AGGRESSIVE;
				CLANG_WARN_UNREACHABLE_CODE = YES;
				CLANG_WARN__DUPLICATE_METHOD_MATCH = YES;
				COPY_PHASE_STRIP = NO;
				DEBUG_INFORMATION_FORMAT = "dwarf-with-dsym";
				ENABLE_NS_ASSERTIONS = NO;
				ENABLE_STRICT_OBJC_MSGSEND = YES;
				GCC_C_LANGUAGE_STANDARD = gnu11;
				GCC_NO_COMMON_BLOCKS = YES;
				GCC_WARN_64_TO_32_BIT_CONVERSION = YES;
				GCC_WARN_ABOUT_RETURN_TYPE = YES_ERROR;
				GCC_WARN_UNDECLARED_SELECTOR = YES;
				GCC_WARN_UNINITIALIZED_AUTOS = YES_AGGRESSIVE;
				GCC_WARN_UNUSED_FUNCTION = YES;
				GCC_WARN_UNUSED_VARIABLE = YES;
				IPHONEOS_DEPLOYMENT_TARGET = 15.5;
				MTL_ENABLE_DEBUG_INFO = NO;
				MTL_FAST_MATH = YES;
				SDKROOT = iphoneos;
				SWIFT_COMPILATION_MODE = wholemodule;
				SWIFT_OPTIMIZATION_LEVEL = "-O";
				VALIDATE_PRODUCT = YES;
			};
			name = Release;
		};
		4A72172A28AA4BF100E31061 /* Debug */ = {
			isa = XCBuildConfiguration;
			buildSettings = {
				ASSETCATALOG_COMPILER_APPICON_NAME = AppIcon;
				ASSETCATALOG_COMPILER_GLOBAL_ACCENT_COLOR_NAME = AccentColor;
				CODE_SIGN_STYLE = Automatic;
				CURRENT_PROJECT_VERSION = 1;
				DEVELOPMENT_ASSET_PATHS = "\"StarWarsSwiftUI/Preview Content\"";
				ENABLE_PREVIEWS = YES;
				GENERATE_INFOPLIST_FILE = YES;
				INFOPLIST_KEY_UIApplicationSceneManifest_Generation = YES;
				INFOPLIST_KEY_UIApplicationSupportsIndirectInputEvents = YES;
				INFOPLIST_KEY_UILaunchScreen_Generation = YES;
				INFOPLIST_KEY_UISupportedInterfaceOrientations_iPad = "UIInterfaceOrientationPortrait UIInterfaceOrientationPortraitUpsideDown UIInterfaceOrientationLandscapeLeft UIInterfaceOrientationLandscapeRight";
				INFOPLIST_KEY_UISupportedInterfaceOrientations_iPhone = "UIInterfaceOrientationPortrait UIInterfaceOrientationLandscapeLeft UIInterfaceOrientationLandscapeRight";
				LD_RUNPATH_SEARCH_PATHS = (
					"$(inherited)",
					"@executable_path/Frameworks",
				);
				MARKETING_VERSION = 1.0;
				PRODUCT_BUNDLE_IDENTIFIER = ms.com.StarWarsSwiftUI;
				PRODUCT_NAME = "$(TARGET_NAME)";
				SWIFT_EMIT_LOC_STRINGS = YES;
				SWIFT_VERSION = 5.0;
				TARGETED_DEVICE_FAMILY = "1,2";
			};
			name = Debug;
		};
		4A72172B28AA4BF100E31061 /* Release */ = {
			isa = XCBuildConfiguration;
			buildSettings = {
				ASSETCATALOG_COMPILER_APPICON_NAME = AppIcon;
				ASSETCATALOG_COMPILER_GLOBAL_ACCENT_COLOR_NAME = AccentColor;
				CODE_SIGN_STYLE = Automatic;
				CURRENT_PROJECT_VERSION = 1;
				DEVELOPMENT_ASSET_PATHS = "\"StarWarsSwiftUI/Preview Content\"";
				ENABLE_PREVIEWS = YES;
				GENERATE_INFOPLIST_FILE = YES;
				INFOPLIST_KEY_UIApplicationSceneManifest_Generation = YES;
				INFOPLIST_KEY_UIApplicationSupportsIndirectInputEvents = YES;
				INFOPLIST_KEY_UILaunchScreen_Generation = YES;
				INFOPLIST_KEY_UISupportedInterfaceOrientations_iPad = "UIInterfaceOrientationPortrait UIInterfaceOrientationPortraitUpsideDown UIInterfaceOrientationLandscapeLeft UIInterfaceOrientationLandscapeRight";
				INFOPLIST_KEY_UISupportedInterfaceOrientations_iPhone = "UIInterfaceOrientationPortrait UIInterfaceOrientationLandscapeLeft UIInterfaceOrientationLandscapeRight";
				LD_RUNPATH_SEARCH_PATHS = (
					"$(inherited)",
					"@executable_path/Frameworks",
				);
				MARKETING_VERSION = 1.0;
				PRODUCT_BUNDLE_IDENTIFIER = ms.com.StarWarsSwiftUI;
				PRODUCT_NAME = "$(TARGET_NAME)";
				SWIFT_EMIT_LOC_STRINGS = YES;
				SWIFT_VERSION = 5.0;
				TARGETED_DEVICE_FAMILY = "1,2";
			};
			name = Release;
		};
/* End XCBuildConfiguration section */

/* Begin XCConfigurationList section */
		4A72171628AA4BF000E31061 /* Build configuration list for PBXProject "StarWarsSwiftUI" */ = {
			isa = XCConfigurationList;
			buildConfigurations = (
				4A72172728AA4BF100E31061 /* Debug */,
				4A72172828AA4BF100E31061 /* Release */,
			);
			defaultConfigurationIsVisible = 0;
			defaultConfigurationName = Release;
		};
		4A72172928AA4BF100E31061 /* Build configuration list for PBXNativeTarget "StarWarsSwiftUI" */ = {
			isa = XCConfigurationList;
			buildConfigurations = (
				4A72172A28AA4BF100E31061 /* Debug */,
				4A72172B28AA4BF100E31061 /* Release */,
			);
			defaultConfigurationIsVisible = 0;
			defaultConfigurationName = Release;
		};
/* End XCConfigurationList section */
	};
	rootObject = 4A72171328AA4BF000E31061 /* Project object */;
}
